
Microsoft Visual Studio Solution File, Format Version 12.00
# Visual Studio Version 17
VisualStudioVersion = 17.10.35004.147
MinimumVisualStudioVersion = 10.0.40219.1
Project("{FAE04EC0-301F-11D3-BF4B-00C04F79EFBC}") = "basics_1.1", "basics_1.1\basics_1.1.csproj", "{FA3DC77C-29F9-4A2E-A7A5-8E6AA102C853}"
EndProject
Global
	GlobalSection(SolutionConfigurationPlatforms) = preSolution
		Debug|Any CPU = Debug|Any CPU
		Release|Any CPU = Release|Any CPU
	EndGlobalSection
	GlobalSection(ProjectConfigurationPlatforms) = postSolution
		{FA3DC77C-29F9-4A2E-A7A5-8E6AA102C853}.Debug|Any CPU.ActiveCfg = Debug|Any CPU
		{FA3DC77C-29F9-4A2E-A7A5-8E6AA102C853}.Debug|Any CPU.Build.0 = Debug|Any CPU
		{FA3DC77C-29F9-4A2E-A7A5-8E6AA102C853}.Release|Any CPU.ActiveCfg = Release|Any CPU
		{FA3DC77C-29F9-4A2E-A7A5-8E6AA102C853}.Release|Any CPU.Build.0 = Release|Any CPU
	EndGlobalSection
	GlobalSection(SolutionProperties) = preSolution
		HideSolutionNode = FALSE
	EndGlobalSection
	GlobalSection(ExtensibilityGlobals) = postSolution
		SolutionGuid = {2D0C7955-FD49-4FF1-B8E7-2FC3FF9C8C4F}
	EndGlobalSection
EndGlobal
